
Microsoft Visual Studio Solution File, Format Version 12.00
# Visual Studio Version 17
VisualStudioVersion = 17.9.34622.214
MinimumVisualStudioVersion = 10.0.40219.1
Project("{FAE04EC0-301F-11D3-BF4B-00C04F79EFBC}") = "ConsoleApp1", "ConsoleApp1\ConsoleApp1.csproj", "{77F8FF86-70F4-4820-B6DA-2D888CBAA172}"
EndProject
Global
	GlobalSection(SolutionConfigurationPlatforms) = preSolution
		Debug|Any CPU = Debug|Any CPU
		Release|Any CPU = Release|Any CPU
	EndGlobalSection
	GlobalSection(ProjectConfigurationPlatforms) = postSolution
		{77F8FF86-70F4-4820-B6DA-2D888CBAA172}.Debug|Any CPU.ActiveCfg = Debug|Any CPU
		{77F8FF86-70F4-4820-B6DA-2D888CBAA172}.Debug|Any CPU.Build.0 = Debug|Any CPU
		{77F8FF86-70F4-4820-B6DA-2D888CBAA172}.Release|Any CPU.ActiveCfg = Release|Any CPU
		{77F8FF86-70F4-4820-B6DA-2D888CBAA172}.Release|Any CPU.Build.0 = Release|Any CPU
	EndGlobalSection
	GlobalSection(SolutionProperties) = preSolution
		HideSolutionNode = FALSE
	EndGlobalSection
	GlobalSection(ExtensibilityGlobals) = postSolution
		SolutionGuid = {382969CA-002F-42F5-86E3-973A43F2E3BE}
	EndGlobalSection
EndGlobal
