
Microsoft Visual Studio Solution File, Format Version 12.00
# Visual Studio Version 17
VisualStudioVersion = 17.9.34622.214
MinimumVisualStudioVersion = 10.0.40219.1
Project("{FAE04EC0-301F-11D3-BF4B-00C04F79EFBC}") = "ConsoleApp", "ConsoleApp\ConsoleApp.csproj", "{3A7D93EA-6A8C-4AB1-8595-6B5008D90991}"
EndProject
Project("{FAE04EC0-301F-11D3-BF4B-00C04F79EFBC}") = "CosoleAppExercise2", "CosoleAppExercise2\CosoleAppExercise2.csproj", "{B6FF0381-E315-4D3E-ABDE-A2505978C8AD}"
EndProject
Global
	GlobalSection(SolutionConfigurationPlatforms) = preSolution
		Debug|Any CPU = Debug|Any CPU
		Release|Any CPU = Release|Any CPU
	EndGlobalSection
	GlobalSection(ProjectConfigurationPlatforms) = postSolution
		{3A7D93EA-6A8C-4AB1-8595-6B5008D90991}.Debug|Any CPU.ActiveCfg = Debug|Any CPU
		{3A7D93EA-6A8C-4AB1-8595-6B5008D90991}.Debug|Any CPU.Build.0 = Debug|Any CPU
		{3A7D93EA-6A8C-4AB1-8595-6B5008D90991}.Release|Any CPU.ActiveCfg = Release|Any CPU
		{3A7D93EA-6A8C-4AB1-8595-6B5008D90991}.Release|Any CPU.Build.0 = Release|Any CPU
		{B6FF0381-E315-4D3E-ABDE-A2505978C8AD}.Debug|Any CPU.ActiveCfg = Debug|Any CPU
		{B6FF0381-E315-4D3E-ABDE-A2505978C8AD}.Debug|Any CPU.Build.0 = Debug|Any CPU
		{B6FF0381-E315-4D3E-ABDE-A2505978C8AD}.Release|Any CPU.ActiveCfg = Release|Any CPU
		{B6FF0381-E315-4D3E-ABDE-A2505978C8AD}.Release|Any CPU.Build.0 = Release|Any CPU
	EndGlobalSection
	GlobalSection(SolutionProperties) = preSolution
		HideSolutionNode = FALSE
	EndGlobalSection
	GlobalSection(ExtensibilityGlobals) = postSolution
		SolutionGuid = {A5E64077-E95B-42F8-8B17-4330B26D4C8F}
	EndGlobalSection
EndGlobal
