
Microsoft Visual Studio Solution File, Format Version 12.00
# Visual Studio Version 17
VisualStudioVersion = 17.9.34622.214
MinimumVisualStudioVersion = 10.0.40219.1
Project("{FAE04EC0-301F-11D3-BF4B-00C04F79EFBC}") = "ConsoleAppTask01", "ConsoleAppTask01\ConsoleAppTask01.csproj", "{144110E6-A58D-4421-8EEA-DED366E279C3}"
EndProject
Global
	GlobalSection(SolutionConfigurationPlatforms) = preSolution
		Debug|Any CPU = Debug|Any CPU
		Release|Any CPU = Release|Any CPU
	EndGlobalSection
	GlobalSection(ProjectConfigurationPlatforms) = postSolution
		{144110E6-A58D-4421-8EEA-DED366E279C3}.Debug|Any CPU.ActiveCfg = Debug|Any CPU
		{144110E6-A58D-4421-8EEA-DED366E279C3}.Debug|Any CPU.Build.0 = Debug|Any CPU
		{144110E6-A58D-4421-8EEA-DED366E279C3}.Release|Any CPU.ActiveCfg = Release|Any CPU
		{144110E6-A58D-4421-8EEA-DED366E279C3}.Release|Any CPU.Build.0 = Release|Any CPU
	EndGlobalSection
	GlobalSection(SolutionProperties) = preSolution
		HideSolutionNode = FALSE
	EndGlobalSection
	GlobalSection(ExtensibilityGlobals) = postSolution
		SolutionGuid = {A5B059CF-D531-4C1A-89FE-9F03D2EB063D}
	EndGlobalSection
EndGlobal
