
Microsoft Visual Studio Solution File, Format Version 12.00
# Visual Studio Version 17
VisualStudioVersion = 17.9.34622.214
MinimumVisualStudioVersion = 10.0.40219.1
Project("{FAE04EC0-301F-11D3-BF4B-00C04F79EFBC}") = "task01", "task01\task01.csproj", "{0CF1B670-1EAC-481C-AC49-42F2A74B6900}"
EndProject
Project("{FAE04EC0-301F-11D3-BF4B-00C04F79EFBC}") = "task02", "task02\task02.csproj", "{770D8B12-989E-4CC8-94DA-6F1FB4A0FAD6}"
EndProject
Project("{FAE04EC0-301F-11D3-BF4B-00C04F79EFBC}") = "bonus-task03", "bonus-task03\bonus-task03.csproj", "{5CED47A8-B703-4B9F-9062-2920ACD23B1C}"
EndProject
Project("{FAE04EC0-301F-11D3-BF4B-00C04F79EFBC}") = "bonus-task04", "bonus-task04\bonus-task04.csproj", "{CCE1E96D-B501-49C1-BB21-363C04649B4E}"
EndProject
Global
	GlobalSection(SolutionConfigurationPlatforms) = preSolution
		Debug|Any CPU = Debug|Any CPU
		Release|Any CPU = Release|Any CPU
	EndGlobalSection
	GlobalSection(ProjectConfigurationPlatforms) = postSolution
		{0CF1B670-1EAC-481C-AC49-42F2A74B6900}.Debug|Any CPU.ActiveCfg = Debug|Any CPU
		{0CF1B670-1EAC-481C-AC49-42F2A74B6900}.Debug|Any CPU.Build.0 = Debug|Any CPU
		{0CF1B670-1EAC-481C-AC49-42F2A74B6900}.Release|Any CPU.ActiveCfg = Release|Any CPU
		{0CF1B670-1EAC-481C-AC49-42F2A74B6900}.Release|Any CPU.Build.0 = Release|Any CPU
		{770D8B12-989E-4CC8-94DA-6F1FB4A0FAD6}.Debug|Any CPU.ActiveCfg = Debug|Any CPU
		{770D8B12-989E-4CC8-94DA-6F1FB4A0FAD6}.Debug|Any CPU.Build.0 = Debug|Any CPU
		{770D8B12-989E-4CC8-94DA-6F1FB4A0FAD6}.Release|Any CPU.ActiveCfg = Release|Any CPU
		{770D8B12-989E-4CC8-94DA-6F1FB4A0FAD6}.Release|Any CPU.Build.0 = Release|Any CPU
		{5CED47A8-B703-4B9F-9062-2920ACD23B1C}.Debug|Any CPU.ActiveCfg = Debug|Any CPU
		{5CED47A8-B703-4B9F-9062-2920ACD23B1C}.Debug|Any CPU.Build.0 = Debug|Any CPU
		{5CED47A8-B703-4B9F-9062-2920ACD23B1C}.Release|Any CPU.ActiveCfg = Release|Any CPU
		{5CED47A8-B703-4B9F-9062-2920ACD23B1C}.Release|Any CPU.Build.0 = Release|Any CPU
		{CCE1E96D-B501-49C1-BB21-363C04649B4E}.Debug|Any CPU.ActiveCfg = Debug|Any CPU
		{CCE1E96D-B501-49C1-BB21-363C04649B4E}.Debug|Any CPU.Build.0 = Debug|Any CPU
		{CCE1E96D-B501-49C1-BB21-363C04649B4E}.Release|Any CPU.ActiveCfg = Release|Any CPU
		{CCE1E96D-B501-49C1-BB21-363C04649B4E}.Release|Any CPU.Build.0 = Release|Any CPU
	EndGlobalSection
	GlobalSection(SolutionProperties) = preSolution
		HideSolutionNode = FALSE
	EndGlobalSection
	GlobalSection(ExtensibilityGlobals) = postSolution
		SolutionGuid = {DC558501-A2CE-46A5-924B-63E0BE81E539}
	EndGlobalSection
EndGlobal
