
Microsoft Visual Studio Solution File, Format Version 12.00
# Visual Studio Version 17
VisualStudioVersion = 17.9.34622.214
MinimumVisualStudioVersion = 10.0.40219.1
Project("{9A19103F-16F7-4668-BE54-9A1E7A4F7556}") = "Homework-1", "Homework-1\Homework-1.csproj", "{9256468B-BCDC-44D6-8DA1-71B3FC450DAF}"
EndProject
Project("{9A19103F-16F7-4668-BE54-9A1E7A4F7556}") = "task2", "task2\task2.csproj", "{3F53A090-2427-43BC-9CC4-344FA0259A99}"
EndProject
Project("{FAE04EC0-301F-11D3-BF4B-00C04F79EFBC}") = "task 3", "task 3\task 3.csproj", "{9F2972EF-4F29-429D-8207-C1EFDDD11972}"
EndProject
Global
	GlobalSection(SolutionConfigurationPlatforms) = preSolution
		Debug|Any CPU = Debug|Any CPU
		Release|Any CPU = Release|Any CPU
	EndGlobalSection
	GlobalSection(ProjectConfigurationPlatforms) = postSolution
		{9256468B-BCDC-44D6-8DA1-71B3FC450DAF}.Debug|Any CPU.ActiveCfg = Debug|Any CPU
		{9256468B-BCDC-44D6-8DA1-71B3FC450DAF}.Debug|Any CPU.Build.0 = Debug|Any CPU
		{9256468B-BCDC-44D6-8DA1-71B3FC450DAF}.Release|Any CPU.ActiveCfg = Release|Any CPU
		{9256468B-BCDC-44D6-8DA1-71B3FC450DAF}.Release|Any CPU.Build.0 = Release|Any CPU
		{3F53A090-2427-43BC-9CC4-344FA0259A99}.Debug|Any CPU.ActiveCfg = Debug|Any CPU
		{3F53A090-2427-43BC-9CC4-344FA0259A99}.Debug|Any CPU.Build.0 = Debug|Any CPU
		{3F53A090-2427-43BC-9CC4-344FA0259A99}.Release|Any CPU.ActiveCfg = Release|Any CPU
		{3F53A090-2427-43BC-9CC4-344FA0259A99}.Release|Any CPU.Build.0 = Release|Any CPU
		{9F2972EF-4F29-429D-8207-C1EFDDD11972}.Debug|Any CPU.ActiveCfg = Debug|Any CPU
		{9F2972EF-4F29-429D-8207-C1EFDDD11972}.Debug|Any CPU.Build.0 = Debug|Any CPU
		{9F2972EF-4F29-429D-8207-C1EFDDD11972}.Release|Any CPU.ActiveCfg = Release|Any CPU
		{9F2972EF-4F29-429D-8207-C1EFDDD11972}.Release|Any CPU.Build.0 = Release|Any CPU
	EndGlobalSection
	GlobalSection(SolutionProperties) = preSolution
		HideSolutionNode = FALSE
	EndGlobalSection
	GlobalSection(ExtensibilityGlobals) = postSolution
		SolutionGuid = {CE1CABF7-CBFE-4627-BF57-55616209E393}
	EndGlobalSection
EndGlobal
